
Microsoft Visual Studio Solution File, Format Version 12.00
# Visual Studio Version 16
VisualStudioVersion = 16.0.34031.81
MinimumVisualStudioVersion = 10.0.40219.1
Project("{8BC9CEB8-8B4A-11D0-8D11-00A0C91BC942}") = "Rectangle", "0918-2019112068-박민제\0918-2019112068-박민제.vcxproj", "{5D1E574B-857E-4268-B11A-FC1CF27DAE16}"
EndProject
Project("{8BC9CEB8-8B4A-11D0-8D11-00A0C91BC942}") = "Exp", "Exp\Exp.vcxproj", "{D9CEA20D-8E08-41F4-90D6-25DF82587B90}"
EndProject
Project("{8BC9CEB8-8B4A-11D0-8D11-00A0C91BC942}") = "Computer", "Computer\Computer.vcxproj", "{6543A0FC-9033-4505-91DF-11FA085D1ADC}"
EndProject
Global
	GlobalSection(SolutionConfigurationPlatforms) = preSolution
		Debug|x64 = Debug|x64
		Debug|x86 = Debug|x86
		Release|x64 = Release|x64
		Release|x86 = Release|x86
	EndGlobalSection
	GlobalSection(ProjectConfigurationPlatforms) = postSolution
		{5D1E574B-857E-4268-B11A-FC1CF27DAE16}.Debug|x64.ActiveCfg = Debug|x64
		{5D1E574B-857E-4268-B11A-FC1CF27DAE16}.Debug|x64.Build.0 = Debug|x64
		{5D1E574B-857E-4268-B11A-FC1CF27DAE16}.Debug|x86.ActiveCfg = Debug|Win32
		{5D1E574B-857E-4268-B11A-FC1CF27DAE16}.Debug|x86.Build.0 = Debug|Win32
		{5D1E574B-857E-4268-B11A-FC1CF27DAE16}.Release|x64.ActiveCfg = Release|x64
		{5D1E574B-857E-4268-B11A-FC1CF27DAE16}.Release|x64.Build.0 = Release|x64
		{5D1E574B-857E-4268-B11A-FC1CF27DAE16}.Release|x86.ActiveCfg = Release|Win32
		{5D1E574B-857E-4268-B11A-FC1CF27DAE16}.Release|x86.Build.0 = Release|Win32
		{D9CEA20D-8E08-41F4-90D6-25DF82587B90}.Debug|x64.ActiveCfg = Debug|x64
		{D9CEA20D-8E08-41F4-90D6-25DF82587B90}.Debug|x64.Build.0 = Debug|x64
		{D9CEA20D-8E08-41F4-90D6-25DF82587B90}.Debug|x86.ActiveCfg = Debug|Win32
		{D9CEA20D-8E08-41F4-90D6-25DF82587B90}.Debug|x86.Build.0 = Debug|Win32
		{D9CEA20D-8E08-41F4-90D6-25DF82587B90}.Release|x64.ActiveCfg = Release|x64
		{D9CEA20D-8E08-41F4-90D6-25DF82587B90}.Release|x64.Build.0 = Release|x64
		{D9CEA20D-8E08-41F4-90D6-25DF82587B90}.Release|x86.ActiveCfg = Release|Win32
		{D9CEA20D-8E08-41F4-90D6-25DF82587B90}.Release|x86.Build.0 = Release|Win32
		{6543A0FC-9033-4505-91DF-11FA085D1ADC}.Debug|x64.ActiveCfg = Debug|x64
		{6543A0FC-9033-4505-91DF-11FA085D1ADC}.Debug|x64.Build.0 = Debug|x64
		{6543A0FC-9033-4505-91DF-11FA085D1ADC}.Debug|x86.ActiveCfg = Debug|Win32
		{6543A0FC-9033-4505-91DF-11FA085D1ADC}.Debug|x86.Build.0 = Debug|Win32
		{6543A0FC-9033-4505-91DF-11FA085D1ADC}.Release|x64.ActiveCfg = Release|x64
		{6543A0FC-9033-4505-91DF-11FA085D1ADC}.Release|x64.Build.0 = Release|x64
		{6543A0FC-9033-4505-91DF-11FA085D1ADC}.Release|x86.ActiveCfg = Release|Win32
		{6543A0FC-9033-4505-91DF-11FA085D1ADC}.Release|x86.Build.0 = Release|Win32
	EndGlobalSection
	GlobalSection(SolutionProperties) = preSolution
		HideSolutionNode = FALSE
	EndGlobalSection
	GlobalSection(ExtensibilityGlobals) = postSolution
		SolutionGuid = {68B009A3-1E0E-4F6C-9A63-7348669FC0EC}
	EndGlobalSection
EndGlobal
